<?xml version="1.0" encoding="utf-8"?>
<Project ToolsVersion="4.0" xmlns="http://schemas.microsoft.com/developer/msbuild/2003">
  <ItemGroup>
    <Text Include="ReadMe.txt" />
  </ItemGroup>
  <ItemGroup>
    <ClInclude Include="stdafx.h" />
    <ClInclude Include="targetver.h" />
    <ClInclude Include="ast.h" />
    <ClInclude Include="context.h" />
    <ClInclude Include="FlexBison\location.hh">
      <Filter>FlexBison</Filter>
    </ClInclude>
    <ClInclude Include="FlexBison\position.hh">
      <Filter>FlexBison</Filter>
    </ClInclude>
    <ClInclude Include="FlexBison\stack.hh">
      <Filter>FlexBison</Filter>
    </ClInclude>
    <ClInclude Include="FlexBison\yacc.tab.hh">
      <Filter>FlexBison</Filter>
    </ClInclude>
    <ClInclude Include="DeskCalculator.h" />
    <ClInclude Include="unistd.h" />
  </ItemGroup>
  <ItemGroup>
    <ClCompile Include="DeskCalculator.cpp" />
    <ClCompile Include="stdafx.cpp" />
    <ClCompile Include="ast.cpp" />
    <ClCompile Include="context.cpp" />
    <ClCompile Include="FlexBison\yacc.tab.cc">
      <Filter>FlexBison</Filter>
    </ClCompile>
    <ClCompile Include="FlexBison\lex.yy.cc">
      <Filter>FlexBison</Filter>
    </ClCompile>
  </ItemGroup>
  <ItemGroup>
    <Filter Include="FlexBison">
      <UniqueIdentifier>{5d2acc60-635d-4302-abe3-e3a7ca6cf147}</UniqueIdentifier>
    </Filter>
  </ItemGroup>
</Project>